
Microsoft Visual Studio Solution File, Format Version 12.00
# Visual Studio 15
VisualStudioVersion = 15.0.27130.2010
MinimumVisualStudioVersion = 10.0.40219.1
Project("{8BC9CEB8-8B4A-11D0-8D11-00A0C91BC942}") = "Problem1", "ProjectEuler\ProjectEuler.vcxproj", "{2BF694D5-5D3A-40CC-9BB0-C6ED56FB9FFB}"
EndProject
Project("{8BC9CEB8-8B4A-11D0-8D11-00A0C91BC942}") = "Problem2", "Problem2\Problem2.vcxproj", "{F94CA408-CB3F-481D-A839-A7CE7A12040F}"
EndProject
Project("{8BC9CEB8-8B4A-11D0-8D11-00A0C91BC942}") = "Problem3", "Problem3\Problem3.vcxproj", "{B5E1AFD5-B28F-42D1-811D-83FF7D82CD0A}"
EndProject
Project("{8BC9CEB8-8B4A-11D0-8D11-00A0C91BC942}") = "Problem4", "Promlem4\Promlem4.vcxproj", "{585AAAAF-43A0-486F-8987-05FDE276524E}"
EndProject
Project("{8BC9CEB8-8B4A-11D0-8D11-00A0C91BC942}") = "Problem5", "Problem5\Problem5.vcxproj", "{5ADBC77A-E2DD-40EA-8E44-6EC316260750}"
EndProject
Project("{8BC9CEB8-8B4A-11D0-8D11-00A0C91BC942}") = "Problem6", "Problem6\Problem6.vcxproj", "{C267E89A-F72C-498A-8BB1-738C624E2215}"
EndProject
Project("{8BC9CEB8-8B4A-11D0-8D11-00A0C91BC942}") = "Problem7", "Problem7\Problem7.vcxproj", "{645AD9A8-3AA9-48F8-BBF6-2733E919AB34}"
EndProject
Project("{8BC9CEB8-8B4A-11D0-8D11-00A0C91BC942}") = "Problem8", "Problem8\Problem8.vcxproj", "{02B8264E-2040-4896-9A2B-6831E75414B3}"
EndProject
Project("{8BC9CEB8-8B4A-11D0-8D11-00A0C91BC942}") = "Problem9", "Problem9\Problem9.vcxproj", "{71E1CFAD-4E0F-4F86-8032-63EAB58A3036}"
EndProject
Project("{8BC9CEB8-8B4A-11D0-8D11-00A0C91BC942}") = "Problem10", "Problem10\Problem10.vcxproj", "{CEC88C79-288F-409C-B420-F5E89D57DC84}"
EndProject
Project("{8BC9CEB8-8B4A-11D0-8D11-00A0C91BC942}") = "Problem11", "Problem11\Problem11.vcxproj", "{E3229424-1BC5-455C-A08C-35B235CEED2C}"
EndProject
Global
	GlobalSection(SolutionConfigurationPlatforms) = preSolution
		Debug|x64 = Debug|x64
		Debug|x86 = Debug|x86
		Release|x64 = Release|x64
		Release|x86 = Release|x86
	EndGlobalSection
	GlobalSection(ProjectConfigurationPlatforms) = postSolution
		{2BF694D5-5D3A-40CC-9BB0-C6ED56FB9FFB}.Debug|x64.ActiveCfg = Debug|x64
		{2BF694D5-5D3A-40CC-9BB0-C6ED56FB9FFB}.Debug|x64.Build.0 = Debug|x64
		{2BF694D5-5D3A-40CC-9BB0-C6ED56FB9FFB}.Debug|x86.ActiveCfg = Debug|Win32
		{2BF694D5-5D3A-40CC-9BB0-C6ED56FB9FFB}.Debug|x86.Build.0 = Debug|Win32
		{2BF694D5-5D3A-40CC-9BB0-C6ED56FB9FFB}.Release|x64.ActiveCfg = Release|x64
		{2BF694D5-5D3A-40CC-9BB0-C6ED56FB9FFB}.Release|x64.Build.0 = Release|x64
		{2BF694D5-5D3A-40CC-9BB0-C6ED56FB9FFB}.Release|x86.ActiveCfg = Release|Win32
		{2BF694D5-5D3A-40CC-9BB0-C6ED56FB9FFB}.Release|x86.Build.0 = Release|Win32
		{F94CA408-CB3F-481D-A839-A7CE7A12040F}.Debug|x64.ActiveCfg = Debug|x64
		{F94CA408-CB3F-481D-A839-A7CE7A12040F}.Debug|x64.Build.0 = Debug|x64
		{F94CA408-CB3F-481D-A839-A7CE7A12040F}.Debug|x86.ActiveCfg = Debug|Win32
		{F94CA408-CB3F-481D-A839-A7CE7A12040F}.Debug|x86.Build.0 = Debug|Win32
		{F94CA408-CB3F-481D-A839-A7CE7A12040F}.Release|x64.ActiveCfg = Release|x64
		{F94CA408-CB3F-481D-A839-A7CE7A12040F}.Release|x64.Build.0 = Release|x64
		{F94CA408-CB3F-481D-A839-A7CE7A12040F}.Release|x86.ActiveCfg = Release|Win32
		{F94CA408-CB3F-481D-A839-A7CE7A12040F}.Release|x86.Build.0 = Release|Win32
		{B5E1AFD5-B28F-42D1-811D-83FF7D82CD0A}.Debug|x64.ActiveCfg = Debug|x64
		{B5E1AFD5-B28F-42D1-811D-83FF7D82CD0A}.Debug|x64.Build.0 = Debug|x64
		{B5E1AFD5-B28F-42D1-811D-83FF7D82CD0A}.Debug|x86.ActiveCfg = Debug|Win32
		{B5E1AFD5-B28F-42D1-811D-83FF7D82CD0A}.Debug|x86.Build.0 = Debug|Win32
		{B5E1AFD5-B28F-42D1-811D-83FF7D82CD0A}.Release|x64.ActiveCfg = Release|x64
		{B5E1AFD5-B28F-42D1-811D-83FF7D82CD0A}.Release|x64.Build.0 = Release|x64
		{B5E1AFD5-B28F-42D1-811D-83FF7D82CD0A}.Release|x86.ActiveCfg = Release|Win32
		{B5E1AFD5-B28F-42D1-811D-83FF7D82CD0A}.Release|x86.Build.0 = Release|Win32
		{585AAAAF-43A0-486F-8987-05FDE276524E}.Debug|x64.ActiveCfg = Debug|x64
		{585AAAAF-43A0-486F-8987-05FDE276524E}.Debug|x64.Build.0 = Debug|x64
		{585AAAAF-43A0-486F-8987-05FDE276524E}.Debug|x86.ActiveCfg = Debug|Win32
		{585AAAAF-43A0-486F-8987-05FDE276524E}.Debug|x86.Build.0 = Debug|Win32
		{585AAAAF-43A0-486F-8987-05FDE276524E}.Release|x64.ActiveCfg = Release|x64
		{585AAAAF-43A0-486F-8987-05FDE276524E}.Release|x64.Build.0 = Release|x64
		{585AAAAF-43A0-486F-8987-05FDE276524E}.Release|x86.ActiveCfg = Release|Win32
		{585AAAAF-43A0-486F-8987-05FDE276524E}.Release|x86.Build.0 = Release|Win32
		{5ADBC77A-E2DD-40EA-8E44-6EC316260750}.Debug|x64.ActiveCfg = Debug|x64
		{5ADBC77A-E2DD-40EA-8E44-6EC316260750}.Debug|x64.Build.0 = Debug|x64
		{5ADBC77A-E2DD-40EA-8E44-6EC316260750}.Debug|x86.ActiveCfg = Debug|Win32
		{5ADBC77A-E2DD-40EA-8E44-6EC316260750}.Debug|x86.Build.0 = Debug|Win32
		{5ADBC77A-E2DD-40EA-8E44-6EC316260750}.Release|x64.ActiveCfg = Release|x64
		{5ADBC77A-E2DD-40EA-8E44-6EC316260750}.Release|x64.Build.0 = Release|x64
		{5ADBC77A-E2DD-40EA-8E44-6EC316260750}.Release|x86.ActiveCfg = Release|Win32
		{5ADBC77A-E2DD-40EA-8E44-6EC316260750}.Release|x86.Build.0 = Release|Win32
		{C267E89A-F72C-498A-8BB1-738C624E2215}.Debug|x64.ActiveCfg = Debug|x64
		{C267E89A-F72C-498A-8BB1-738C624E2215}.Debug|x64.Build.0 = Debug|x64
		{C267E89A-F72C-498A-8BB1-738C624E2215}.Debug|x86.ActiveCfg = Debug|Win32
		{C267E89A-F72C-498A-8BB1-738C624E2215}.Debug|x86.Build.0 = Debug|Win32
		{C267E89A-F72C-498A-8BB1-738C624E2215}.Release|x64.ActiveCfg = Release|x64
		{C267E89A-F72C-498A-8BB1-738C624E2215}.Release|x64.Build.0 = Release|x64
		{C267E89A-F72C-498A-8BB1-738C624E2215}.Release|x86.ActiveCfg = Release|Win32
		{C267E89A-F72C-498A-8BB1-738C624E2215}.Release|x86.Build.0 = Release|Win32
		{645AD9A8-3AA9-48F8-BBF6-2733E919AB34}.Debug|x64.ActiveCfg = Debug|x64
		{645AD9A8-3AA9-48F8-BBF6-2733E919AB34}.Debug|x64.Build.0 = Debug|x64
		{645AD9A8-3AA9-48F8-BBF6-2733E919AB34}.Debug|x86.ActiveCfg = Debug|Win32
		{645AD9A8-3AA9-48F8-BBF6-2733E919AB34}.Debug|x86.Build.0 = Debug|Win32
		{645AD9A8-3AA9-48F8-BBF6-2733E919AB34}.Release|x64.ActiveCfg = Release|x64
		{645AD9A8-3AA9-48F8-BBF6-2733E919AB34}.Release|x64.Build.0 = Release|x64
		{645AD9A8-3AA9-48F8-BBF6-2733E919AB34}.Release|x86.ActiveCfg = Release|Win32
		{645AD9A8-3AA9-48F8-BBF6-2733E919AB34}.Release|x86.Build.0 = Release|Win32
		{02B8264E-2040-4896-9A2B-6831E75414B3}.Debug|x64.ActiveCfg = Debug|x64
		{02B8264E-2040-4896-9A2B-6831E75414B3}.Debug|x64.Build.0 = Debug|x64
		{02B8264E-2040-4896-9A2B-6831E75414B3}.Debug|x86.ActiveCfg = Debug|Win32
		{02B8264E-2040-4896-9A2B-6831E75414B3}.Debug|x86.Build.0 = Debug|Win32
		{02B8264E-2040-4896-9A2B-6831E75414B3}.Release|x64.ActiveCfg = Release|x64
		{02B8264E-2040-4896-9A2B-6831E75414B3}.Release|x64.Build.0 = Release|x64
		{02B8264E-2040-4896-9A2B-6831E75414B3}.Release|x86.ActiveCfg = Release|Win32
		{02B8264E-2040-4896-9A2B-6831E75414B3}.Release|x86.Build.0 = Release|Win32
		{71E1CFAD-4E0F-4F86-8032-63EAB58A3036}.Debug|x64.ActiveCfg = Debug|x64
		{71E1CFAD-4E0F-4F86-8032-63EAB58A3036}.Debug|x64.Build.0 = Debug|x64
		{71E1CFAD-4E0F-4F86-8032-63EAB58A3036}.Debug|x86.ActiveCfg = Debug|Win32
		{71E1CFAD-4E0F-4F86-8032-63EAB58A3036}.Debug|x86.Build.0 = Debug|Win32
		{71E1CFAD-4E0F-4F86-8032-63EAB58A3036}.Release|x64.ActiveCfg = Release|x64
		{71E1CFAD-4E0F-4F86-8032-63EAB58A3036}.Release|x64.Build.0 = Release|x64
		{71E1CFAD-4E0F-4F86-8032-63EAB58A3036}.Release|x86.ActiveCfg = Release|Win32
		{71E1CFAD-4E0F-4F86-8032-63EAB58A3036}.Release|x86.Build.0 = Release|Win32
		{CEC88C79-288F-409C-B420-F5E89D57DC84}.Debug|x64.ActiveCfg = Debug|x64
		{CEC88C79-288F-409C-B420-F5E89D57DC84}.Debug|x64.Build.0 = Debug|x64
		{CEC88C79-288F-409C-B420-F5E89D57DC84}.Debug|x86.ActiveCfg = Debug|Win32
		{CEC88C79-288F-409C-B420-F5E89D57DC84}.Debug|x86.Build.0 = Debug|Win32
		{CEC88C79-288F-409C-B420-F5E89D57DC84}.Release|x64.ActiveCfg = Release|x64
		{CEC88C79-288F-409C-B420-F5E89D57DC84}.Release|x64.Build.0 = Release|x64
		{CEC88C79-288F-409C-B420-F5E89D57DC84}.Release|x86.ActiveCfg = Release|Win32
		{CEC88C79-288F-409C-B420-F5E89D57DC84}.Release|x86.Build.0 = Release|Win32
		{E3229424-1BC5-455C-A08C-35B235CEED2C}.Debug|x64.ActiveCfg = Debug|x64
		{E3229424-1BC5-455C-A08C-35B235CEED2C}.Debug|x64.Build.0 = Debug|x64
		{E3229424-1BC5-455C-A08C-35B235CEED2C}.Debug|x86.ActiveCfg = Debug|Win32
		{E3229424-1BC5-455C-A08C-35B235CEED2C}.Debug|x86.Build.0 = Debug|Win32
		{E3229424-1BC5-455C-A08C-35B235CEED2C}.Release|x64.ActiveCfg = Release|x64
		{E3229424-1BC5-455C-A08C-35B235CEED2C}.Release|x64.Build.0 = Release|x64
		{E3229424-1BC5-455C-A08C-35B235CEED2C}.Release|x86.ActiveCfg = Release|Win32
		{E3229424-1BC5-455C-A08C-35B235CEED2C}.Release|x86.Build.0 = Release|Win32
	EndGlobalSection
	GlobalSection(SolutionProperties) = preSolution
		HideSolutionNode = FALSE
	EndGlobalSection
	GlobalSection(ExtensibilityGlobals) = postSolution
		SolutionGuid = {84D6674A-07B7-49E2-A7E5-A0D5291ABEFB}
	EndGlobalSection
EndGlobal
