
Microsoft Visual Studio Solution File, Format Version 12.00
# Visual Studio Version 17
VisualStudioVersion = 17.2.32526.322
MinimumVisualStudioVersion = 10.0.40219.1
Project("{FAE04EC0-301F-11D3-BF4B-00C04F79EFBC}") = "Problem28", "Problem28\Problem28.csproj", "{BD387DA9-058B-4BFE-947D-701557770FD6}"
EndProject
Global
	GlobalSection(SolutionConfigurationPlatforms) = preSolution
		Debug|Any CPU = Debug|Any CPU
		Release|Any CPU = Release|Any CPU
	EndGlobalSection
	GlobalSection(ProjectConfigurationPlatforms) = postSolution
		{BD387DA9-058B-4BFE-947D-701557770FD6}.Debug|Any CPU.ActiveCfg = Debug|Any CPU
		{BD387DA9-058B-4BFE-947D-701557770FD6}.Debug|Any CPU.Build.0 = Debug|Any CPU
		{BD387DA9-058B-4BFE-947D-701557770FD6}.Release|Any CPU.ActiveCfg = Release|Any CPU
		{BD387DA9-058B-4BFE-947D-701557770FD6}.Release|Any CPU.Build.0 = Release|Any CPU
	EndGlobalSection
	GlobalSection(SolutionProperties) = preSolution
		HideSolutionNode = FALSE
	EndGlobalSection
	GlobalSection(ExtensibilityGlobals) = postSolution
		SolutionGuid = {F3BD0912-568F-44CF-8FBD-A9CAFE930E44}
	EndGlobalSection
EndGlobal
