
Microsoft Visual Studio Solution File, Format Version 12.00
# Visual Studio Version 17
VisualStudioVersion = 17.2.32526.322
MinimumVisualStudioVersion = 10.0.40219.1
Project("{FAE04EC0-301F-11D3-BF4B-00C04F79EFBC}") = "Problem30", "Problem30\Problem30.csproj", "{4F3F7F80-C694-46CD-8ABF-13FFA181A330}"
EndProject
Global
	GlobalSection(SolutionConfigurationPlatforms) = preSolution
		Debug|Any CPU = Debug|Any CPU
		Release|Any CPU = Release|Any CPU
	EndGlobalSection
	GlobalSection(ProjectConfigurationPlatforms) = postSolution
		{4F3F7F80-C694-46CD-8ABF-13FFA181A330}.Debug|Any CPU.ActiveCfg = Debug|Any CPU
		{4F3F7F80-C694-46CD-8ABF-13FFA181A330}.Debug|Any CPU.Build.0 = Debug|Any CPU
		{4F3F7F80-C694-46CD-8ABF-13FFA181A330}.Release|Any CPU.ActiveCfg = Release|Any CPU
		{4F3F7F80-C694-46CD-8ABF-13FFA181A330}.Release|Any CPU.Build.0 = Release|Any CPU
	EndGlobalSection
	GlobalSection(SolutionProperties) = preSolution
		HideSolutionNode = FALSE
	EndGlobalSection
	GlobalSection(ExtensibilityGlobals) = postSolution
		SolutionGuid = {EBB46548-0B77-47EF-BBB4-7F983A9CCD43}
	EndGlobalSection
EndGlobal
