
Microsoft Visual Studio Solution File, Format Version 12.00
# Visual Studio Version 17
VisualStudioVersion = 17.2.32516.85
MinimumVisualStudioVersion = 10.0.40219.1
Project("{FAE04EC0-301F-11D3-BF4B-00C04F79EFBC}") = "Problem26", "Problem26\Problem26.csproj", "{582DB843-F606-4D21-87A6-10BCB5792EFC}"
EndProject
Global
	GlobalSection(SolutionConfigurationPlatforms) = preSolution
		Debug|Any CPU = Debug|Any CPU
		Release|Any CPU = Release|Any CPU
	EndGlobalSection
	GlobalSection(ProjectConfigurationPlatforms) = postSolution
		{582DB843-F606-4D21-87A6-10BCB5792EFC}.Debug|Any CPU.ActiveCfg = Debug|Any CPU
		{582DB843-F606-4D21-87A6-10BCB5792EFC}.Debug|Any CPU.Build.0 = Debug|Any CPU
		{582DB843-F606-4D21-87A6-10BCB5792EFC}.Release|Any CPU.ActiveCfg = Release|Any CPU
		{582DB843-F606-4D21-87A6-10BCB5792EFC}.Release|Any CPU.Build.0 = Release|Any CPU
	EndGlobalSection
	GlobalSection(SolutionProperties) = preSolution
		HideSolutionNode = FALSE
	EndGlobalSection
	GlobalSection(ExtensibilityGlobals) = postSolution
		SolutionGuid = {13E5411B-1DB5-424F-B641-32B465836C9B}
	EndGlobalSection
EndGlobal
